
Microsoft Visual Studio Solution File, Format Version 12.00
# Visual Studio Version 16
VisualStudioVersion = 16.0.29905.134
MinimumVisualStudioVersion = 10.0.40219.1
Project("{FAE04EC0-301F-11D3-BF4B-00C04F79EFBC}") = "DiaryApplication", "DiaryApplication\DiaryApplication.csproj", "{537CFE8D-DFF4-480D-9ED4-C43536FB2608}"
EndProject
Project("{FAE04EC0-301F-11D3-BF4B-00C04F79EFBC}") = "DataBaseLib", "DataBaseLib\DataBaseLib.csproj", "{4E7221C8-C916-4A3F-85FC-60718AE12DCE}"
EndProject
Project("{FAE04EC0-301F-11D3-BF4B-00C04F79EFBC}") = "UnitTestProject1", "UnitTestProject1\UnitTestProject1.csproj", "{FBC2D125-23EF-4C46-84D5-760BAC7BD520}"
EndProject
Project("{FAE04EC0-301F-11D3-BF4B-00C04F79EFBC}") = "GenerateDatebaseApp", "GenerateDatebaseApp\GenerateDatebaseApp.csproj", "{70DAFDE8-07A7-4DC5-B824-C18479398FC3}"
EndProject
Global
	GlobalSection(SolutionConfigurationPlatforms) = preSolution
		Debug|Any CPU = Debug|Any CPU
		Debug|ARM = Debug|ARM
		Debug|ARM64 = Debug|ARM64
		Debug|x64 = Debug|x64
		Debug|x86 = Debug|x86
		Release|Any CPU = Release|Any CPU
		Release|ARM = Release|ARM
		Release|ARM64 = Release|ARM64
		Release|x64 = Release|x64
		Release|x86 = Release|x86
	EndGlobalSection
	GlobalSection(ProjectConfigurationPlatforms) = postSolution
		{537CFE8D-DFF4-480D-9ED4-C43536FB2608}.Debug|Any CPU.ActiveCfg = Debug|x86
		{537CFE8D-DFF4-480D-9ED4-C43536FB2608}.Debug|Any CPU.Build.0 = Debug|x86
		{537CFE8D-DFF4-480D-9ED4-C43536FB2608}.Debug|ARM.ActiveCfg = Debug|ARM
		{537CFE8D-DFF4-480D-9ED4-C43536FB2608}.Debug|ARM.Build.0 = Debug|ARM
		{537CFE8D-DFF4-480D-9ED4-C43536FB2608}.Debug|ARM.Deploy.0 = Debug|ARM
		{537CFE8D-DFF4-480D-9ED4-C43536FB2608}.Debug|ARM64.ActiveCfg = Debug|ARM64
		{537CFE8D-DFF4-480D-9ED4-C43536FB2608}.Debug|ARM64.Build.0 = Debug|ARM64
		{537CFE8D-DFF4-480D-9ED4-C43536FB2608}.Debug|ARM64.Deploy.0 = Debug|ARM64
		{537CFE8D-DFF4-480D-9ED4-C43536FB2608}.Debug|x64.ActiveCfg = Debug|x64
		{537CFE8D-DFF4-480D-9ED4-C43536FB2608}.Debug|x64.Build.0 = Debug|x64
		{537CFE8D-DFF4-480D-9ED4-C43536FB2608}.Debug|x64.Deploy.0 = Debug|x64
		{537CFE8D-DFF4-480D-9ED4-C43536FB2608}.Debug|x86.ActiveCfg = Debug|x86
		{537CFE8D-DFF4-480D-9ED4-C43536FB2608}.Debug|x86.Build.0 = Debug|x86
		{537CFE8D-DFF4-480D-9ED4-C43536FB2608}.Debug|x86.Deploy.0 = Debug|x86
		{537CFE8D-DFF4-480D-9ED4-C43536FB2608}.Release|Any CPU.ActiveCfg = Release|x86
		{537CFE8D-DFF4-480D-9ED4-C43536FB2608}.Release|ARM.ActiveCfg = Release|ARM
		{537CFE8D-DFF4-480D-9ED4-C43536FB2608}.Release|ARM.Build.0 = Release|ARM
		{537CFE8D-DFF4-480D-9ED4-C43536FB2608}.Release|ARM.Deploy.0 = Release|ARM
		{537CFE8D-DFF4-480D-9ED4-C43536FB2608}.Release|ARM64.ActiveCfg = Release|ARM64
		{537CFE8D-DFF4-480D-9ED4-C43536FB2608}.Release|ARM64.Build.0 = Release|ARM64
		{537CFE8D-DFF4-480D-9ED4-C43536FB2608}.Release|ARM64.Deploy.0 = Release|ARM64
		{537CFE8D-DFF4-480D-9ED4-C43536FB2608}.Release|x64.ActiveCfg = Release|x64
		{537CFE8D-DFF4-480D-9ED4-C43536FB2608}.Release|x64.Build.0 = Release|x64
		{537CFE8D-DFF4-480D-9ED4-C43536FB2608}.Release|x64.Deploy.0 = Release|x64
		{537CFE8D-DFF4-480D-9ED4-C43536FB2608}.Release|x86.ActiveCfg = Release|x86
		{537CFE8D-DFF4-480D-9ED4-C43536FB2608}.Release|x86.Build.0 = Release|x86
		{537CFE8D-DFF4-480D-9ED4-C43536FB2608}.Release|x86.Deploy.0 = Release|x86
		{4E7221C8-C916-4A3F-85FC-60718AE12DCE}.Debug|Any CPU.ActiveCfg = Debug|Any CPU
		{4E7221C8-C916-4A3F-85FC-60718AE12DCE}.Debug|Any CPU.Build.0 = Debug|Any CPU
		{4E7221C8-C916-4A3F-85FC-60718AE12DCE}.Debug|ARM.ActiveCfg = Debug|ARM
		{4E7221C8-C916-4A3F-85FC-60718AE12DCE}.Debug|ARM.Build.0 = Debug|ARM
		{4E7221C8-C916-4A3F-85FC-60718AE12DCE}.Debug|ARM64.ActiveCfg = Debug|ARM64
		{4E7221C8-C916-4A3F-85FC-60718AE12DCE}.Debug|ARM64.Build.0 = Debug|ARM64
		{4E7221C8-C916-4A3F-85FC-60718AE12DCE}.Debug|x64.ActiveCfg = Debug|x64
		{4E7221C8-C916-4A3F-85FC-60718AE12DCE}.Debug|x64.Build.0 = Debug|x64
		{4E7221C8-C916-4A3F-85FC-60718AE12DCE}.Debug|x86.ActiveCfg = Debug|x86
		{4E7221C8-C916-4A3F-85FC-60718AE12DCE}.Debug|x86.Build.0 = Debug|x86
		{4E7221C8-C916-4A3F-85FC-60718AE12DCE}.Release|Any CPU.ActiveCfg = Release|Any CPU
		{4E7221C8-C916-4A3F-85FC-60718AE12DCE}.Release|Any CPU.Build.0 = Release|Any CPU
		{4E7221C8-C916-4A3F-85FC-60718AE12DCE}.Release|ARM.ActiveCfg = Release|ARM
		{4E7221C8-C916-4A3F-85FC-60718AE12DCE}.Release|ARM.Build.0 = Release|ARM
		{4E7221C8-C916-4A3F-85FC-60718AE12DCE}.Release|ARM64.ActiveCfg = Release|ARM64
		{4E7221C8-C916-4A3F-85FC-60718AE12DCE}.Release|ARM64.Build.0 = Release|ARM64
		{4E7221C8-C916-4A3F-85FC-60718AE12DCE}.Release|x64.ActiveCfg = Release|x64
		{4E7221C8-C916-4A3F-85FC-60718AE12DCE}.Release|x64.Build.0 = Release|x64
		{4E7221C8-C916-4A3F-85FC-60718AE12DCE}.Release|x86.ActiveCfg = Release|x86
		{4E7221C8-C916-4A3F-85FC-60718AE12DCE}.Release|x86.Build.0 = Release|x86
		{FBC2D125-23EF-4C46-84D5-760BAC7BD520}.Debug|Any CPU.ActiveCfg = Debug|x86
		{FBC2D125-23EF-4C46-84D5-760BAC7BD520}.Debug|ARM.ActiveCfg = Debug|ARM
		{FBC2D125-23EF-4C46-84D5-760BAC7BD520}.Debug|ARM.Build.0 = Debug|ARM
		{FBC2D125-23EF-4C46-84D5-760BAC7BD520}.Debug|ARM.Deploy.0 = Debug|ARM
		{FBC2D125-23EF-4C46-84D5-760BAC7BD520}.Debug|ARM64.ActiveCfg = Debug|ARM64
		{FBC2D125-23EF-4C46-84D5-760BAC7BD520}.Debug|ARM64.Build.0 = Debug|ARM64
		{FBC2D125-23EF-4C46-84D5-760BAC7BD520}.Debug|ARM64.Deploy.0 = Debug|ARM64
		{FBC2D125-23EF-4C46-84D5-760BAC7BD520}.Debug|x64.ActiveCfg = Debug|x64
		{FBC2D125-23EF-4C46-84D5-760BAC7BD520}.Debug|x64.Build.0 = Debug|x64
		{FBC2D125-23EF-4C46-84D5-760BAC7BD520}.Debug|x64.Deploy.0 = Debug|x64
		{FBC2D125-23EF-4C46-84D5-760BAC7BD520}.Debug|x86.ActiveCfg = Debug|x86
		{FBC2D125-23EF-4C46-84D5-760BAC7BD520}.Debug|x86.Build.0 = Debug|x86
		{FBC2D125-23EF-4C46-84D5-760BAC7BD520}.Debug|x86.Deploy.0 = Debug|x86
		{FBC2D125-23EF-4C46-84D5-760BAC7BD520}.Release|Any CPU.ActiveCfg = Release|x86
		{FBC2D125-23EF-4C46-84D5-760BAC7BD520}.Release|ARM.ActiveCfg = Release|ARM
		{FBC2D125-23EF-4C46-84D5-760BAC7BD520}.Release|ARM.Build.0 = Release|ARM
		{FBC2D125-23EF-4C46-84D5-760BAC7BD520}.Release|ARM.Deploy.0 = Release|ARM
		{FBC2D125-23EF-4C46-84D5-760BAC7BD520}.Release|ARM64.ActiveCfg = Release|ARM64
		{FBC2D125-23EF-4C46-84D5-760BAC7BD520}.Release|ARM64.Build.0 = Release|ARM64
		{FBC2D125-23EF-4C46-84D5-760BAC7BD520}.Release|ARM64.Deploy.0 = Release|ARM64
		{FBC2D125-23EF-4C46-84D5-760BAC7BD520}.Release|x64.ActiveCfg = Release|x64
		{FBC2D125-23EF-4C46-84D5-760BAC7BD520}.Release|x64.Build.0 = Release|x64
		{FBC2D125-23EF-4C46-84D5-760BAC7BD520}.Release|x64.Deploy.0 = Release|x64
		{FBC2D125-23EF-4C46-84D5-760BAC7BD520}.Release|x86.ActiveCfg = Release|x86
		{FBC2D125-23EF-4C46-84D5-760BAC7BD520}.Release|x86.Build.0 = Release|x86
		{FBC2D125-23EF-4C46-84D5-760BAC7BD520}.Release|x86.Deploy.0 = Release|x86
		{70DAFDE8-07A7-4DC5-B824-C18479398FC3}.Debug|Any CPU.ActiveCfg = Debug|x86
		{70DAFDE8-07A7-4DC5-B824-C18479398FC3}.Debug|ARM.ActiveCfg = Debug|ARM
		{70DAFDE8-07A7-4DC5-B824-C18479398FC3}.Debug|ARM.Build.0 = Debug|ARM
		{70DAFDE8-07A7-4DC5-B824-C18479398FC3}.Debug|ARM.Deploy.0 = Debug|ARM
		{70DAFDE8-07A7-4DC5-B824-C18479398FC3}.Debug|ARM64.ActiveCfg = Debug|ARM64
		{70DAFDE8-07A7-4DC5-B824-C18479398FC3}.Debug|ARM64.Build.0 = Debug|ARM64
		{70DAFDE8-07A7-4DC5-B824-C18479398FC3}.Debug|ARM64.Deploy.0 = Debug|ARM64
		{70DAFDE8-07A7-4DC5-B824-C18479398FC3}.Debug|x64.ActiveCfg = Debug|x64
		{70DAFDE8-07A7-4DC5-B824-C18479398FC3}.Debug|x64.Build.0 = Debug|x64
		{70DAFDE8-07A7-4DC5-B824-C18479398FC3}.Debug|x64.Deploy.0 = Debug|x64
		{70DAFDE8-07A7-4DC5-B824-C18479398FC3}.Debug|x86.ActiveCfg = Debug|x86
		{70DAFDE8-07A7-4DC5-B824-C18479398FC3}.Debug|x86.Build.0 = Debug|x86
		{70DAFDE8-07A7-4DC5-B824-C18479398FC3}.Debug|x86.Deploy.0 = Debug|x86
		{70DAFDE8-07A7-4DC5-B824-C18479398FC3}.Release|Any CPU.ActiveCfg = Release|x86
		{70DAFDE8-07A7-4DC5-B824-C18479398FC3}.Release|ARM.ActiveCfg = Release|ARM
		{70DAFDE8-07A7-4DC5-B824-C18479398FC3}.Release|ARM.Build.0 = Release|ARM
		{70DAFDE8-07A7-4DC5-B824-C18479398FC3}.Release|ARM.Deploy.0 = Release|ARM
		{70DAFDE8-07A7-4DC5-B824-C18479398FC3}.Release|ARM64.ActiveCfg = Release|ARM64
		{70DAFDE8-07A7-4DC5-B824-C18479398FC3}.Release|ARM64.Build.0 = Release|ARM64
		{70DAFDE8-07A7-4DC5-B824-C18479398FC3}.Release|ARM64.Deploy.0 = Release|ARM64
		{70DAFDE8-07A7-4DC5-B824-C18479398FC3}.Release|x64.ActiveCfg = Release|x64
		{70DAFDE8-07A7-4DC5-B824-C18479398FC3}.Release|x64.Build.0 = Release|x64
		{70DAFDE8-07A7-4DC5-B824-C18479398FC3}.Release|x64.Deploy.0 = Release|x64
		{70DAFDE8-07A7-4DC5-B824-C18479398FC3}.Release|x86.ActiveCfg = Release|x86
		{70DAFDE8-07A7-4DC5-B824-C18479398FC3}.Release|x86.Build.0 = Release|x86
		{70DAFDE8-07A7-4DC5-B824-C18479398FC3}.Release|x86.Deploy.0 = Release|x86
	EndGlobalSection
	GlobalSection(SolutionProperties) = preSolution
		HideSolutionNode = FALSE
	EndGlobalSection
	GlobalSection(ExtensibilityGlobals) = postSolution
		SolutionGuid = {D4E1E54D-28EE-48AA-8847-91D0DC489C85}
	EndGlobalSection
EndGlobal
